
Microsoft Visual Studio Solution File, Format Version 12.00
# Visual Studio Version 17
VisualStudioVersion = 17.11.35312.102
MinimumVisualStudioVersion = 10.0.40219.1
Project("{FAE04EC0-301F-11D3-BF4B-00C04F79EFBC}") = "RecipeApp2", "RecipeApp2\RecipeApp2.csproj", "{C21714D9-52DF-4FF7-A833-A19E59DC0F03}"
EndProject
Global
	GlobalSection(SolutionConfigurationPlatforms) = preSolution
		Debug|Any CPU = Debug|Any CPU
		Release|Any CPU = Release|Any CPU
	EndGlobalSection
	GlobalSection(ProjectConfigurationPlatforms) = postSolution
		{C21714D9-52DF-4FF7-A833-A19E59DC0F03}.Debug|Any CPU.ActiveCfg = Debug|Any CPU
		{C21714D9-52DF-4FF7-A833-A19E59DC0F03}.Debug|Any CPU.Build.0 = Debug|Any CPU
		{C21714D9-52DF-4FF7-A833-A19E59DC0F03}.Release|Any CPU.ActiveCfg = Release|Any CPU
		{C21714D9-52DF-4FF7-A833-A19E59DC0F03}.Release|Any CPU.Build.0 = Release|Any CPU
	EndGlobalSection
	GlobalSection(SolutionProperties) = preSolution
		HideSolutionNode = FALSE
	EndGlobalSection
	GlobalSection(ExtensibilityGlobals) = postSolution
		SolutionGuid = {1A394DDD-24B5-4659-AE6C-998A553DB1DB}
	EndGlobalSection
EndGlobal
